
Microsoft Visual Studio Solution File, Format Version 11.00
# Visual Studio 2010
Project("{FAE04EC0-301F-11D3-BF4B-00C04F79EFBC}") = "Parser", "Parser\Parser.csproj", "{80BEAC71-8BE8-48C5-B109-BAB3F38F6D9F}"
EndProject
Project("{FAE04EC0-301F-11D3-BF4B-00C04F79EFBC}") = "Imp", "Imp\Imp.csproj", "{72BB0D03-764D-4799-9380-BBA1A8BE7243}"
EndProject
Project("{FAE04EC0-301F-11D3-BF4B-00C04F79EFBC}") = "MetaHub_Test", "MetaHub_Test\MetaHub_Test.csproj", "{08181763-EBB9-41CE-9BE1-C585C840B0B0}"
EndProject
Project("{2150E333-8FDC-42A3-9474-1A3956D46DE8}") = "test", "test", "{F5936A1F-3D9F-4876-B6D8-494BA380898C}"
EndProject
Project("{FAE04EC0-301F-11D3-BF4B-00C04F79EFBC}") = "MetaHub", "MetaHub\MetaHub.csproj", "{2A71DED0-DCAD-476B-B7EB-F832C352BFB5}"
EndProject
Project("{FAE04EC0-301F-11D3-BF4B-00C04F79EFBC}") = "Vineyard", "Vineyard\Vineyard.csproj", "{1AAC7CE2-5C7E-46F8-BB7E-D13D84140EC0}"
EndProject
Project("{FAE04EC0-301F-11D3-BF4B-00C04F79EFBC}") = "Kind", "Kind\Kind.csproj", "{777BFC47-2DF6-4E8E-8545-A2DE56A8620D}"
EndProject
Project("{2150E333-8FDC-42A3-9474-1A3956D46DE8}") = "additional", "additional", "{21384A42-1E64-4B94-A879-1454E80395D2}"
EndProject
Project("{2150E333-8FDC-42A3-9474-1A3956D46DE8}") = "main", "main", "{3CC11289-9FF0-4ADB-8738-A2A019332B53}"
EndProject
Project("{FAE04EC0-301F-11D3-BF4B-00C04F79EFBC}") = "Imp_Test", "Imp_Test\Imp_Test.csproj", "{0F6E1EC8-D551-4AB7-915E-41479E9EDF5E}"
EndProject
Project("{FAE04EC0-301F-11D3-BF4B-00C04F79EFBC}") = "Vineyard_Test", "Vineyard_Test\Vineyard_Test.csproj", "{FD7B7BE5-DBB8-441E-9540-408600B4D75C}"
EndProject
Project("{FAE04EC0-301F-11D3-BF4B-00C04F79EFBC}") = "Imp_CLI", "Imp_CLI\Imp_CLI.csproj", "{7DFD3549-D86F-4EFD-AEAC-D0821C119085}"
EndProject
Project("{FAE04EC0-301F-11D3-BF4B-00C04F79EFBC}") = "Runic", "Interpreter\Runic.csproj", "{B29C3F78-B6F4-462F-88E6-5965513D345E}"
EndProject
Project("{FAE04EC0-301F-11D3-BF4B-00C04F79EFBC}") = "Runic_Test", "Runic_Test\Runic_Test.csproj", "{ECB74910-9291-4847-93E2-15D2A939763F}"
EndProject
Global
	GlobalSection(SolutionConfigurationPlatforms) = preSolution
		Debug Vineyard|Any CPU = Debug Vineyard|Any CPU
		Debug Vineyard|Mixed Platforms = Debug Vineyard|Mixed Platforms
		Debug Vineyard|x86 = Debug Vineyard|x86
		Debug|Any CPU = Debug|Any CPU
		Debug|Mixed Platforms = Debug|Mixed Platforms
		Debug|x86 = Debug|x86
		Release|Any CPU = Release|Any CPU
		Release|Mixed Platforms = Release|Mixed Platforms
		Release|x86 = Release|x86
	EndGlobalSection
	GlobalSection(ProjectConfigurationPlatforms) = postSolution
		{80BEAC71-8BE8-48C5-B109-BAB3F38F6D9F}.Debug Vineyard|Any CPU.ActiveCfg = Debug|Any CPU
		{80BEAC71-8BE8-48C5-B109-BAB3F38F6D9F}.Debug Vineyard|Any CPU.Build.0 = Debug|Any CPU
		{80BEAC71-8BE8-48C5-B109-BAB3F38F6D9F}.Debug Vineyard|Mixed Platforms.ActiveCfg = Debug|Any CPU
		{80BEAC71-8BE8-48C5-B109-BAB3F38F6D9F}.Debug Vineyard|Mixed Platforms.Build.0 = Debug|Any CPU
		{80BEAC71-8BE8-48C5-B109-BAB3F38F6D9F}.Debug Vineyard|x86.ActiveCfg = Debug|Any CPU
		{80BEAC71-8BE8-48C5-B109-BAB3F38F6D9F}.Debug|Any CPU.ActiveCfg = Debug|Any CPU
		{80BEAC71-8BE8-48C5-B109-BAB3F38F6D9F}.Debug|Any CPU.Build.0 = Debug|Any CPU
		{80BEAC71-8BE8-48C5-B109-BAB3F38F6D9F}.Debug|Mixed Platforms.ActiveCfg = Debug|Any CPU
		{80BEAC71-8BE8-48C5-B109-BAB3F38F6D9F}.Debug|Mixed Platforms.Build.0 = Debug|Any CPU
		{80BEAC71-8BE8-48C5-B109-BAB3F38F6D9F}.Debug|x86.ActiveCfg = Debug|Any CPU
		{80BEAC71-8BE8-48C5-B109-BAB3F38F6D9F}.Debug|x86.Build.0 = Debug|Any CPU
		{80BEAC71-8BE8-48C5-B109-BAB3F38F6D9F}.Release|Any CPU.ActiveCfg = Release|Any CPU
		{80BEAC71-8BE8-48C5-B109-BAB3F38F6D9F}.Release|Any CPU.Build.0 = Release|Any CPU
		{80BEAC71-8BE8-48C5-B109-BAB3F38F6D9F}.Release|Mixed Platforms.ActiveCfg = Release|Any CPU
		{80BEAC71-8BE8-48C5-B109-BAB3F38F6D9F}.Release|Mixed Platforms.Build.0 = Release|Any CPU
		{80BEAC71-8BE8-48C5-B109-BAB3F38F6D9F}.Release|x86.ActiveCfg = Release|Any CPU
		{72BB0D03-764D-4799-9380-BBA1A8BE7243}.Debug Vineyard|Any CPU.ActiveCfg = Debug|Any CPU
		{72BB0D03-764D-4799-9380-BBA1A8BE7243}.Debug Vineyard|Any CPU.Build.0 = Debug|Any CPU
		{72BB0D03-764D-4799-9380-BBA1A8BE7243}.Debug Vineyard|Mixed Platforms.ActiveCfg = Debug|Any CPU
		{72BB0D03-764D-4799-9380-BBA1A8BE7243}.Debug Vineyard|Mixed Platforms.Build.0 = Debug|Any CPU
		{72BB0D03-764D-4799-9380-BBA1A8BE7243}.Debug Vineyard|x86.ActiveCfg = Debug|Any CPU
		{72BB0D03-764D-4799-9380-BBA1A8BE7243}.Debug|Any CPU.ActiveCfg = Debug|Any CPU
		{72BB0D03-764D-4799-9380-BBA1A8BE7243}.Debug|Any CPU.Build.0 = Debug|Any CPU
		{72BB0D03-764D-4799-9380-BBA1A8BE7243}.Debug|Mixed Platforms.ActiveCfg = Debug|Any CPU
		{72BB0D03-764D-4799-9380-BBA1A8BE7243}.Debug|Mixed Platforms.Build.0 = Debug|Any CPU
		{72BB0D03-764D-4799-9380-BBA1A8BE7243}.Debug|x86.ActiveCfg = Debug|Any CPU
		{72BB0D03-764D-4799-9380-BBA1A8BE7243}.Debug|x86.Build.0 = Debug|Any CPU
		{72BB0D03-764D-4799-9380-BBA1A8BE7243}.Release|Any CPU.ActiveCfg = Release|Any CPU
		{72BB0D03-764D-4799-9380-BBA1A8BE7243}.Release|Any CPU.Build.0 = Release|Any CPU
		{72BB0D03-764D-4799-9380-BBA1A8BE7243}.Release|Mixed Platforms.ActiveCfg = Release|Any CPU
		{72BB0D03-764D-4799-9380-BBA1A8BE7243}.Release|Mixed Platforms.Build.0 = Release|Any CPU
		{72BB0D03-764D-4799-9380-BBA1A8BE7243}.Release|x86.ActiveCfg = Release|Any CPU
		{08181763-EBB9-41CE-9BE1-C585C840B0B0}.Debug Vineyard|Any CPU.ActiveCfg = Debug|Any CPU
		{08181763-EBB9-41CE-9BE1-C585C840B0B0}.Debug Vineyard|Any CPU.Build.0 = Debug|Any CPU
		{08181763-EBB9-41CE-9BE1-C585C840B0B0}.Debug Vineyard|Mixed Platforms.ActiveCfg = Debug|Any CPU
		{08181763-EBB9-41CE-9BE1-C585C840B0B0}.Debug Vineyard|Mixed Platforms.Build.0 = Debug|Any CPU
		{08181763-EBB9-41CE-9BE1-C585C840B0B0}.Debug Vineyard|x86.ActiveCfg = Debug|Any CPU
		{08181763-EBB9-41CE-9BE1-C585C840B0B0}.Debug|Any CPU.ActiveCfg = Debug|Any CPU
		{08181763-EBB9-41CE-9BE1-C585C840B0B0}.Debug|Any CPU.Build.0 = Debug|Any CPU
		{08181763-EBB9-41CE-9BE1-C585C840B0B0}.Debug|Mixed Platforms.ActiveCfg = Debug|Any CPU
		{08181763-EBB9-41CE-9BE1-C585C840B0B0}.Debug|Mixed Platforms.Build.0 = Debug|Any CPU
		{08181763-EBB9-41CE-9BE1-C585C840B0B0}.Debug|x86.ActiveCfg = Debug|Any CPU
		{08181763-EBB9-41CE-9BE1-C585C840B0B0}.Debug|x86.Build.0 = Debug|Any CPU
		{08181763-EBB9-41CE-9BE1-C585C840B0B0}.Release|Any CPU.ActiveCfg = Release|Any CPU
		{08181763-EBB9-41CE-9BE1-C585C840B0B0}.Release|Any CPU.Build.0 = Release|Any CPU
		{08181763-EBB9-41CE-9BE1-C585C840B0B0}.Release|Mixed Platforms.ActiveCfg = Release|Any CPU
		{08181763-EBB9-41CE-9BE1-C585C840B0B0}.Release|Mixed Platforms.Build.0 = Release|Any CPU
		{08181763-EBB9-41CE-9BE1-C585C840B0B0}.Release|x86.ActiveCfg = Release|Any CPU
		{2A71DED0-DCAD-476B-B7EB-F832C352BFB5}.Debug Vineyard|Any CPU.ActiveCfg = Debug Vineyard|Any CPU
		{2A71DED0-DCAD-476B-B7EB-F832C352BFB5}.Debug Vineyard|Any CPU.Build.0 = Debug Vineyard|Any CPU
		{2A71DED0-DCAD-476B-B7EB-F832C352BFB5}.Debug Vineyard|Mixed Platforms.ActiveCfg = Debug Vineyard|Any CPU
		{2A71DED0-DCAD-476B-B7EB-F832C352BFB5}.Debug Vineyard|Mixed Platforms.Build.0 = Debug Vineyard|Any CPU
		{2A71DED0-DCAD-476B-B7EB-F832C352BFB5}.Debug Vineyard|x86.ActiveCfg = Debug Vineyard|x86
		{2A71DED0-DCAD-476B-B7EB-F832C352BFB5}.Debug Vineyard|x86.Build.0 = Debug Vineyard|x86
		{2A71DED0-DCAD-476B-B7EB-F832C352BFB5}.Debug|Any CPU.ActiveCfg = Debug|Any CPU
		{2A71DED0-DCAD-476B-B7EB-F832C352BFB5}.Debug|Any CPU.Build.0 = Debug|Any CPU
		{2A71DED0-DCAD-476B-B7EB-F832C352BFB5}.Debug|Mixed Platforms.ActiveCfg = Debug|Any CPU
		{2A71DED0-DCAD-476B-B7EB-F832C352BFB5}.Debug|Mixed Platforms.Build.0 = Debug|Any CPU
		{2A71DED0-DCAD-476B-B7EB-F832C352BFB5}.Debug|x86.ActiveCfg = Debug|x86
		{2A71DED0-DCAD-476B-B7EB-F832C352BFB5}.Debug|x86.Build.0 = Debug|x86
		{2A71DED0-DCAD-476B-B7EB-F832C352BFB5}.Release|Any CPU.ActiveCfg = Release|Any CPU
		{2A71DED0-DCAD-476B-B7EB-F832C352BFB5}.Release|Any CPU.Build.0 = Release|Any CPU
		{2A71DED0-DCAD-476B-B7EB-F832C352BFB5}.Release|Mixed Platforms.ActiveCfg = Release|Any CPU
		{2A71DED0-DCAD-476B-B7EB-F832C352BFB5}.Release|Mixed Platforms.Build.0 = Release|Any CPU
		{2A71DED0-DCAD-476B-B7EB-F832C352BFB5}.Release|x86.ActiveCfg = Release|x86
		{2A71DED0-DCAD-476B-B7EB-F832C352BFB5}.Release|x86.Build.0 = Release|x86
		{1AAC7CE2-5C7E-46F8-BB7E-D13D84140EC0}.Debug Vineyard|Any CPU.ActiveCfg = Debug|Any CPU
		{1AAC7CE2-5C7E-46F8-BB7E-D13D84140EC0}.Debug Vineyard|Any CPU.Build.0 = Debug|Any CPU
		{1AAC7CE2-5C7E-46F8-BB7E-D13D84140EC0}.Debug Vineyard|Mixed Platforms.ActiveCfg = Debug|Any CPU
		{1AAC7CE2-5C7E-46F8-BB7E-D13D84140EC0}.Debug Vineyard|Mixed Platforms.Build.0 = Debug|Any CPU
		{1AAC7CE2-5C7E-46F8-BB7E-D13D84140EC0}.Debug Vineyard|x86.ActiveCfg = Debug|Any CPU
		{1AAC7CE2-5C7E-46F8-BB7E-D13D84140EC0}.Debug|Any CPU.ActiveCfg = Debug|Any CPU
		{1AAC7CE2-5C7E-46F8-BB7E-D13D84140EC0}.Debug|Any CPU.Build.0 = Debug|Any CPU
		{1AAC7CE2-5C7E-46F8-BB7E-D13D84140EC0}.Debug|Mixed Platforms.ActiveCfg = Debug|Any CPU
		{1AAC7CE2-5C7E-46F8-BB7E-D13D84140EC0}.Debug|Mixed Platforms.Build.0 = Debug|Any CPU
		{1AAC7CE2-5C7E-46F8-BB7E-D13D84140EC0}.Debug|x86.ActiveCfg = Debug|Any CPU
		{1AAC7CE2-5C7E-46F8-BB7E-D13D84140EC0}.Debug|x86.Build.0 = Debug|Any CPU
		{1AAC7CE2-5C7E-46F8-BB7E-D13D84140EC0}.Release|Any CPU.ActiveCfg = Release|Any CPU
		{1AAC7CE2-5C7E-46F8-BB7E-D13D84140EC0}.Release|Any CPU.Build.0 = Release|Any CPU
		{1AAC7CE2-5C7E-46F8-BB7E-D13D84140EC0}.Release|Mixed Platforms.ActiveCfg = Release|Any CPU
		{1AAC7CE2-5C7E-46F8-BB7E-D13D84140EC0}.Release|Mixed Platforms.Build.0 = Release|Any CPU
		{1AAC7CE2-5C7E-46F8-BB7E-D13D84140EC0}.Release|x86.ActiveCfg = Release|Any CPU
		{777BFC47-2DF6-4E8E-8545-A2DE56A8620D}.Debug Vineyard|Any CPU.ActiveCfg = Debug|Any CPU
		{777BFC47-2DF6-4E8E-8545-A2DE56A8620D}.Debug Vineyard|Any CPU.Build.0 = Debug|Any CPU
		{777BFC47-2DF6-4E8E-8545-A2DE56A8620D}.Debug Vineyard|Mixed Platforms.ActiveCfg = Debug|Any CPU
		{777BFC47-2DF6-4E8E-8545-A2DE56A8620D}.Debug Vineyard|Mixed Platforms.Build.0 = Debug|Any CPU
		{777BFC47-2DF6-4E8E-8545-A2DE56A8620D}.Debug Vineyard|x86.ActiveCfg = Debug|Any CPU
		{777BFC47-2DF6-4E8E-8545-A2DE56A8620D}.Debug|Any CPU.ActiveCfg = Debug|Any CPU
		{777BFC47-2DF6-4E8E-8545-A2DE56A8620D}.Debug|Any CPU.Build.0 = Debug|Any CPU
		{777BFC47-2DF6-4E8E-8545-A2DE56A8620D}.Debug|Mixed Platforms.ActiveCfg = Debug|Any CPU
		{777BFC47-2DF6-4E8E-8545-A2DE56A8620D}.Debug|Mixed Platforms.Build.0 = Debug|Any CPU
		{777BFC47-2DF6-4E8E-8545-A2DE56A8620D}.Debug|x86.ActiveCfg = Debug|Any CPU
		{777BFC47-2DF6-4E8E-8545-A2DE56A8620D}.Debug|x86.Build.0 = Debug|Any CPU
		{777BFC47-2DF6-4E8E-8545-A2DE56A8620D}.Release|Any CPU.ActiveCfg = Release|Any CPU
		{777BFC47-2DF6-4E8E-8545-A2DE56A8620D}.Release|Any CPU.Build.0 = Release|Any CPU
		{777BFC47-2DF6-4E8E-8545-A2DE56A8620D}.Release|Mixed Platforms.ActiveCfg = Release|Any CPU
		{777BFC47-2DF6-4E8E-8545-A2DE56A8620D}.Release|Mixed Platforms.Build.0 = Release|Any CPU
		{777BFC47-2DF6-4E8E-8545-A2DE56A8620D}.Release|x86.ActiveCfg = Release|Any CPU
		{0F6E1EC8-D551-4AB7-915E-41479E9EDF5E}.Debug Vineyard|Any CPU.ActiveCfg = Debug|Any CPU
		{0F6E1EC8-D551-4AB7-915E-41479E9EDF5E}.Debug Vineyard|Any CPU.Build.0 = Debug|Any CPU
		{0F6E1EC8-D551-4AB7-915E-41479E9EDF5E}.Debug Vineyard|Mixed Platforms.ActiveCfg = Debug|Any CPU
		{0F6E1EC8-D551-4AB7-915E-41479E9EDF5E}.Debug Vineyard|Mixed Platforms.Build.0 = Debug|Any CPU
		{0F6E1EC8-D551-4AB7-915E-41479E9EDF5E}.Debug Vineyard|x86.ActiveCfg = Debug|Any CPU
		{0F6E1EC8-D551-4AB7-915E-41479E9EDF5E}.Debug|Any CPU.ActiveCfg = Debug|Any CPU
		{0F6E1EC8-D551-4AB7-915E-41479E9EDF5E}.Debug|Any CPU.Build.0 = Debug|Any CPU
		{0F6E1EC8-D551-4AB7-915E-41479E9EDF5E}.Debug|Mixed Platforms.ActiveCfg = Debug|Any CPU
		{0F6E1EC8-D551-4AB7-915E-41479E9EDF5E}.Debug|Mixed Platforms.Build.0 = Debug|Any CPU
		{0F6E1EC8-D551-4AB7-915E-41479E9EDF5E}.Debug|x86.ActiveCfg = Debug|Any CPU
		{0F6E1EC8-D551-4AB7-915E-41479E9EDF5E}.Debug|x86.Build.0 = Debug|Any CPU
		{0F6E1EC8-D551-4AB7-915E-41479E9EDF5E}.Release|Any CPU.ActiveCfg = Release|Any CPU
		{0F6E1EC8-D551-4AB7-915E-41479E9EDF5E}.Release|Any CPU.Build.0 = Release|Any CPU
		{0F6E1EC8-D551-4AB7-915E-41479E9EDF5E}.Release|Mixed Platforms.ActiveCfg = Release|Any CPU
		{0F6E1EC8-D551-4AB7-915E-41479E9EDF5E}.Release|Mixed Platforms.Build.0 = Release|Any CPU
		{0F6E1EC8-D551-4AB7-915E-41479E9EDF5E}.Release|x86.ActiveCfg = Release|Any CPU
		{FD7B7BE5-DBB8-441E-9540-408600B4D75C}.Debug Vineyard|Any CPU.ActiveCfg = Debug|Any CPU
		{FD7B7BE5-DBB8-441E-9540-408600B4D75C}.Debug Vineyard|Any CPU.Build.0 = Debug|Any CPU
		{FD7B7BE5-DBB8-441E-9540-408600B4D75C}.Debug Vineyard|Mixed Platforms.ActiveCfg = Debug|Any CPU
		{FD7B7BE5-DBB8-441E-9540-408600B4D75C}.Debug Vineyard|Mixed Platforms.Build.0 = Debug|Any CPU
		{FD7B7BE5-DBB8-441E-9540-408600B4D75C}.Debug Vineyard|x86.ActiveCfg = Debug|Any CPU
		{FD7B7BE5-DBB8-441E-9540-408600B4D75C}.Debug|Any CPU.ActiveCfg = Debug|Any CPU
		{FD7B7BE5-DBB8-441E-9540-408600B4D75C}.Debug|Any CPU.Build.0 = Debug|Any CPU
		{FD7B7BE5-DBB8-441E-9540-408600B4D75C}.Debug|Mixed Platforms.ActiveCfg = Debug|Any CPU
		{FD7B7BE5-DBB8-441E-9540-408600B4D75C}.Debug|Mixed Platforms.Build.0 = Debug|Any CPU
		{FD7B7BE5-DBB8-441E-9540-408600B4D75C}.Debug|x86.ActiveCfg = Debug|Any CPU
		{FD7B7BE5-DBB8-441E-9540-408600B4D75C}.Debug|x86.Build.0 = Debug|Any CPU
		{FD7B7BE5-DBB8-441E-9540-408600B4D75C}.Release|Any CPU.ActiveCfg = Release|Any CPU
		{FD7B7BE5-DBB8-441E-9540-408600B4D75C}.Release|Any CPU.Build.0 = Release|Any CPU
		{FD7B7BE5-DBB8-441E-9540-408600B4D75C}.Release|Mixed Platforms.ActiveCfg = Release|Any CPU
		{FD7B7BE5-DBB8-441E-9540-408600B4D75C}.Release|Mixed Platforms.Build.0 = Release|Any CPU
		{FD7B7BE5-DBB8-441E-9540-408600B4D75C}.Release|x86.ActiveCfg = Release|Any CPU
		{7DFD3549-D86F-4EFD-AEAC-D0821C119085}.Debug Vineyard|Any CPU.ActiveCfg = Debug|x86
		{7DFD3549-D86F-4EFD-AEAC-D0821C119085}.Debug Vineyard|Mixed Platforms.ActiveCfg = Debug|x86
		{7DFD3549-D86F-4EFD-AEAC-D0821C119085}.Debug Vineyard|Mixed Platforms.Build.0 = Debug|x86
		{7DFD3549-D86F-4EFD-AEAC-D0821C119085}.Debug Vineyard|x86.ActiveCfg = Debug|x86
		{7DFD3549-D86F-4EFD-AEAC-D0821C119085}.Debug Vineyard|x86.Build.0 = Debug|x86
		{7DFD3549-D86F-4EFD-AEAC-D0821C119085}.Debug|Any CPU.ActiveCfg = Debug|x86
		{7DFD3549-D86F-4EFD-AEAC-D0821C119085}.Debug|Mixed Platforms.ActiveCfg = Debug|x86
		{7DFD3549-D86F-4EFD-AEAC-D0821C119085}.Debug|Mixed Platforms.Build.0 = Debug|x86
		{7DFD3549-D86F-4EFD-AEAC-D0821C119085}.Debug|x86.ActiveCfg = Debug|x86
		{7DFD3549-D86F-4EFD-AEAC-D0821C119085}.Debug|x86.Build.0 = Debug|x86
		{7DFD3549-D86F-4EFD-AEAC-D0821C119085}.Release|Any CPU.ActiveCfg = Release|x86
		{7DFD3549-D86F-4EFD-AEAC-D0821C119085}.Release|Mixed Platforms.ActiveCfg = Release|x86
		{7DFD3549-D86F-4EFD-AEAC-D0821C119085}.Release|Mixed Platforms.Build.0 = Release|x86
		{7DFD3549-D86F-4EFD-AEAC-D0821C119085}.Release|x86.ActiveCfg = Release|x86
		{7DFD3549-D86F-4EFD-AEAC-D0821C119085}.Release|x86.Build.0 = Release|x86
		{B29C3F78-B6F4-462F-88E6-5965513D345E}.Debug Vineyard|Any CPU.ActiveCfg = Debug|Any CPU
		{B29C3F78-B6F4-462F-88E6-5965513D345E}.Debug Vineyard|Any CPU.Build.0 = Debug|Any CPU
		{B29C3F78-B6F4-462F-88E6-5965513D345E}.Debug Vineyard|Mixed Platforms.ActiveCfg = Debug|Any CPU
		{B29C3F78-B6F4-462F-88E6-5965513D345E}.Debug Vineyard|Mixed Platforms.Build.0 = Debug|Any CPU
		{B29C3F78-B6F4-462F-88E6-5965513D345E}.Debug Vineyard|x86.ActiveCfg = Debug|Any CPU
		{B29C3F78-B6F4-462F-88E6-5965513D345E}.Debug|Any CPU.ActiveCfg = Debug|Any CPU
		{B29C3F78-B6F4-462F-88E6-5965513D345E}.Debug|Any CPU.Build.0 = Debug|Any CPU
		{B29C3F78-B6F4-462F-88E6-5965513D345E}.Debug|Mixed Platforms.ActiveCfg = Debug|Any CPU
		{B29C3F78-B6F4-462F-88E6-5965513D345E}.Debug|Mixed Platforms.Build.0 = Debug|Any CPU
		{B29C3F78-B6F4-462F-88E6-5965513D345E}.Debug|x86.ActiveCfg = Debug|Any CPU
		{B29C3F78-B6F4-462F-88E6-5965513D345E}.Debug|x86.Build.0 = Debug|Any CPU
		{B29C3F78-B6F4-462F-88E6-5965513D345E}.Release|Any CPU.ActiveCfg = Release|Any CPU
		{B29C3F78-B6F4-462F-88E6-5965513D345E}.Release|Any CPU.Build.0 = Release|Any CPU
		{B29C3F78-B6F4-462F-88E6-5965513D345E}.Release|Mixed Platforms.ActiveCfg = Release|Any CPU
		{B29C3F78-B6F4-462F-88E6-5965513D345E}.Release|Mixed Platforms.Build.0 = Release|Any CPU
		{B29C3F78-B6F4-462F-88E6-5965513D345E}.Release|x86.ActiveCfg = Release|Any CPU
		{ECB74910-9291-4847-93E2-15D2A939763F}.Debug Vineyard|Any CPU.ActiveCfg = Debug|Any CPU
		{ECB74910-9291-4847-93E2-15D2A939763F}.Debug Vineyard|Any CPU.Build.0 = Debug|Any CPU
		{ECB74910-9291-4847-93E2-15D2A939763F}.Debug Vineyard|Mixed Platforms.ActiveCfg = Debug|Any CPU
		{ECB74910-9291-4847-93E2-15D2A939763F}.Debug Vineyard|Mixed Platforms.Build.0 = Debug|Any CPU
		{ECB74910-9291-4847-93E2-15D2A939763F}.Debug Vineyard|x86.ActiveCfg = Debug|Any CPU
		{ECB74910-9291-4847-93E2-15D2A939763F}.Debug|Any CPU.ActiveCfg = Debug|Any CPU
		{ECB74910-9291-4847-93E2-15D2A939763F}.Debug|Any CPU.Build.0 = Debug|Any CPU
		{ECB74910-9291-4847-93E2-15D2A939763F}.Debug|Mixed Platforms.ActiveCfg = Debug|Any CPU
		{ECB74910-9291-4847-93E2-15D2A939763F}.Debug|Mixed Platforms.Build.0 = Debug|Any CPU
		{ECB74910-9291-4847-93E2-15D2A939763F}.Debug|x86.ActiveCfg = Debug|Any CPU
		{ECB74910-9291-4847-93E2-15D2A939763F}.Debug|x86.Build.0 = Debug|Any CPU
		{ECB74910-9291-4847-93E2-15D2A939763F}.Release|Any CPU.ActiveCfg = Release|Any CPU
		{ECB74910-9291-4847-93E2-15D2A939763F}.Release|Any CPU.Build.0 = Release|Any CPU
		{ECB74910-9291-4847-93E2-15D2A939763F}.Release|Mixed Platforms.ActiveCfg = Release|Any CPU
		{ECB74910-9291-4847-93E2-15D2A939763F}.Release|Mixed Platforms.Build.0 = Release|Any CPU
		{ECB74910-9291-4847-93E2-15D2A939763F}.Release|x86.ActiveCfg = Release|Any CPU
	EndGlobalSection
	GlobalSection(SolutionProperties) = preSolution
		HideSolutionNode = FALSE
	EndGlobalSection
	GlobalSection(NestedProjects) = preSolution
		{72BB0D03-764D-4799-9380-BBA1A8BE7243} = {3CC11289-9FF0-4ADB-8738-A2A019332B53}
		{2A71DED0-DCAD-476B-B7EB-F832C352BFB5} = {3CC11289-9FF0-4ADB-8738-A2A019332B53}
		{1AAC7CE2-5C7E-46F8-BB7E-D13D84140EC0} = {3CC11289-9FF0-4ADB-8738-A2A019332B53}
		{80BEAC71-8BE8-48C5-B109-BAB3F38F6D9F} = {3CC11289-9FF0-4ADB-8738-A2A019332B53}
		{7DFD3549-D86F-4EFD-AEAC-D0821C119085} = {3CC11289-9FF0-4ADB-8738-A2A019332B53}
		{B29C3F78-B6F4-462F-88E6-5965513D345E} = {3CC11289-9FF0-4ADB-8738-A2A019332B53}
		{08181763-EBB9-41CE-9BE1-C585C840B0B0} = {F5936A1F-3D9F-4876-B6D8-494BA380898C}
		{0F6E1EC8-D551-4AB7-915E-41479E9EDF5E} = {F5936A1F-3D9F-4876-B6D8-494BA380898C}
		{FD7B7BE5-DBB8-441E-9540-408600B4D75C} = {F5936A1F-3D9F-4876-B6D8-494BA380898C}
		{ECB74910-9291-4847-93E2-15D2A939763F} = {F5936A1F-3D9F-4876-B6D8-494BA380898C}
		{777BFC47-2DF6-4E8E-8545-A2DE56A8620D} = {21384A42-1E64-4B94-A879-1454E80395D2}
	EndGlobalSection
EndGlobal
